# THIS IS AN AUTOGENERATED FILE. DO NOT EDIT THIS FILE DIRECTLY.
# yarn lockfile v1


"@codecb/prettierrc@0.0.1":
  version "0.0.1"
  resolved "https://registry.npmjs.org/@codecb/prettierrc/-/prettierrc-0.0.1.tgz#11cf15436b9a2ce36b632a39b877df85c2fa4364"
  integrity sha512-yWsYW1SJEJ49i2E8R10R6a73jvFc5FfuwzNR6PQnCgKrs3fa3lf8fEhsSNaTefw+jTWPLOU4EjBJAgQ24c/mmA==

"@codecb/tsconfigs@0.0.9":
  version "0.0.9"
  resolved "https://registry.npmjs.org/@codecb/tsconfigs/-/tsconfigs-0.0.9.tgz#38c50bcc489b3561ac42a816532b1f8b8ca9af7e"
  integrity sha512-eSlY72BC+/rGz2RsSUayP8gOZNlkmziuD0vQt8Ncod5GfpUdmDb7zRTW1Sc7V61KLCdnc5W2e2yONu6dvVL4tA==

"@types/body-parser@*":
  version "1.19.2"
  resolved "https://registry.npmjs.org/@types/body-parser/-/body-parser-1.19.2.tgz#aea2059e28b7658639081347ac4fab3de166e6f0"
  integrity sha512-ALYone6pm6QmwZoAgeyNksccT9Q4AWZQ6PvfwR37GT6r6FWUPguq6sUmNGSMV2Wr761oQoBxwGGa6DR5o1DC9g==
  dependencies:
    "@types/connect" "*"
    "@types/node" "*"

"@types/connect@*":
  version "3.4.35"
  resolved "https://registry.npmjs.org/@types/connect/-/connect-3.4.35.tgz#5fcf6ae445e4021d1fc2219a4873cc73a3bb2ad1"
  integrity sha512-cdeYyv4KWoEgpBISTxWvqYsVy444DOqehiF3fM3ne10AmJ62RSyNkUnxMJXHQWRQQX2eR94m5y1IZyDwBjV9FQ==
  dependencies:
    "@types/node" "*"

"@types/express-serve-static-core@^4.17.18":
  version "4.17.31"
  resolved "https://registry.npmjs.org/@types/express-serve-static-core/-/express-serve-static-core-4.17.31.tgz#a1139efeab4e7323834bb0226e62ac019f474b2f"
  integrity sha512-DxMhY+NAsTwMMFHBTtJFNp5qiHKJ7TeqOo23zVEM9alT1Ml27Q3xcTH0xwxn7Q0BbMcVEJOs/7aQtUWupUQN3Q==
  dependencies:
    "@types/node" "*"
    "@types/qs" "*"
    "@types/range-parser" "*"

"@types/express@4.17.14":
  version "4.17.14"
  resolved "https://registry.npmjs.org/@types/express/-/express-4.17.14.tgz#143ea0557249bc1b3b54f15db4c81c3d4eb3569c"
  integrity sha512-TEbt+vaPFQ+xpxFLFssxUDXj5cWCxZJjIcB7Yg0k0GMHGtgtQgpvx/MUQUeAkNbA9AAGrwkAsoeItdTgS7FMyg==
  dependencies:
    "@types/body-parser" "*"
    "@types/express-serve-static-core" "^4.17.18"
    "@types/qs" "*"
    "@types/serve-static" "*"

"@types/mime@*":
  version "3.0.1"
  resolved "https://registry.npmjs.org/@types/mime/-/mime-3.0.1.tgz#5f8f2bca0a5863cb69bc0b0acd88c96cb1d4ae10"
  integrity sha512-Y4XFY5VJAuw0FgAqPNd6NNoV44jbq9Bz2L7Rh/J6jLTiHBSBJa9fxqQIvkIld4GsoDOcCbvzOUAbLPsSKKg+uA==

"@types/node@*", "@types/node@18.8.3":
  version "18.8.3"
  resolved "https://registry.npmjs.org/@types/node/-/node-18.8.3.tgz#ce750ab4017effa51aed6a7230651778d54e327c"
  integrity sha512-0os9vz6BpGwxGe9LOhgP/ncvYN5Tx1fNcd2TM3rD/aCGBkysb+ZWpXEocG24h6ZzOi13+VB8HndAQFezsSOw1w==

"@types/qs@*":
  version "6.9.7"
  resolved "https://registry.npmjs.org/@types/qs/-/qs-6.9.7.tgz#63bb7d067db107cc1e457c303bc25d511febf6cb"
  integrity sha512-FGa1F62FT09qcrueBA6qYTrJPVDzah9a+493+o2PCXsesWHIn27G98TsSMs3WPNbZIEj4+VJf6saSFpvD+3Zsw==

"@types/range-parser@*":
  version "1.2.4"
  resolved "https://registry.npmjs.org/@types/range-parser/-/range-parser-1.2.4.tgz#cd667bcfdd025213aafb7ca5915a932590acdcdc"
  integrity sha512-EEhsLsD6UsDM1yFhAvy0Cjr6VwmpMWqFBCb9w07wVugF7w9nfajxLuVmngTIpgS6svCnm6Vaw+MZhoDCKnOfsw==

"@types/serve-static@*":
  version "1.15.0"
  resolved "https://registry.npmjs.org/@types/serve-static/-/serve-static-1.15.0.tgz#c7930ff61afb334e121a9da780aac0d9b8f34155"
  integrity sha512-z5xyF6uh8CbjAu9760KDKsH2FcDxZ2tFCsA4HIMWE6IkiYMXfVoa+4f9KX+FN0ZLsaMw1WNG2ETLA6N+/YA+cg==
  dependencies:
    "@types/mime" "*"
    "@types/node" "*"

prettier@2.7.1:
  version "2.7.1"
  resolved "https://registry.npmjs.org/prettier/-/prettier-2.7.1.tgz#e235806850d057f97bb08368a4f7d899f7760c64"
  integrity sha512-ujppO+MkdPqoVINuDFDRLClm7D78qbDt0/NR+wp5FqEZOoTNAjPHWj17QRhu7geIHJfcNhRk1XVQmF8Bp3ye+g==

typescript@4.8.4:
  version "4.8.4"
  resolved "https://registry.npmjs.org/typescript/-/typescript-4.8.4.tgz#c464abca159669597be5f96b8943500b238e60e6"
  integrity sha512-QCh+85mCy+h0IGff8r5XWzOVSbBO+KfeYrMQh7NJ58QujwcE22u+NUSmUxqF+un70P9GXKxa2HCNiTTMJknyjQ==
